{
  "pins" : [
    {
      "identity" : "millicast-sdk-swift-package",
      "kind" : "remoteSourceControl",
      "location" : "https://github.com/millicast/millicast-sdk-swift-package",
      "state" : {
        "revision" : "5d2a3e15965450145fde549ec8be7c6efa8da73b",
        "version" : "1.8.4"
      }
    }
  ],
  "version" : 2
}
