// !$*UTF8*$!
{
	archiveVersion = 1;
	classes = {
	};
	objectVersion = 56;
	objects = {

/* Begin PBXBuildFile section */
		E846A8962C7825140052D6C8 /* MillicastSDK in Frameworks */ = {isa = PBXBuildFile; productRef = E846A8952C7825140052D6C8 /* MillicastSDK */; };
		F5F6603F2C17F7A300D3DE71 /* stream_sdk_ios_and_tvos_getting_startedApp.swift in Sources */ = {isa = PBXBuildFile; fileRef = F5F6603E2C17F7A300D3DE71 /* stream_sdk_ios_and_tvos_getting_startedApp.swift */; };
		F5F660412C17F7A300D3DE71 /* ContentView.swift in Sources */ = {isa = PBXBuildFile; fileRef = F5F660402C17F7A300D3DE71 /* ContentView.swift */; };
		F5F660432C17F7A500D3DE71 /* Assets.xcassets in Resources */ = {isa = PBXBuildFile; fileRef = F5F660422C17F7A500D3DE71 /* Assets.xcassets */; };
		F5F660472C17F7A500D3DE71 /* Preview Assets.xcassets in Resources */ = {isa = PBXBuildFile; fileRef = F5F660462C17F7A500D3DE71 /* Preview Assets.xcassets */; };
		F5F6604E2C17F80100D3DE71 /* PublisherViewModel.swift in Sources */ = {isa = PBXBuildFile; fileRef = F5F6604D2C17F80100D3DE71 /* PublisherViewModel.swift */; };
		F5F660512C17F83300D3DE71 /* SubscriberViewModel.swift in Sources */ = {isa = PBXBuildFile; fileRef = F5F660502C17F83300D3DE71 /* SubscriberViewModel.swift */; };
		F5F660542C17F85500D3DE71 /* PublisherView.swift in Sources */ = {isa = PBXBuildFile; fileRef = F5F660532C17F85500D3DE71 /* PublisherView.swift */; };
		F5F660562C17F86800D3DE71 /* SubscriberView.swift in Sources */ = {isa = PBXBuildFile; fileRef = F5F660552C17F86800D3DE71 /* SubscriberView.swift */; };
/* End PBXBuildFile section */

/* Begin PBXCopyFilesBuildPhase section */
		F5F6605B2C17F8E800D3DE71 /* Embed Frameworks */ = {
			isa = PBXCopyFilesBuildPhase;
			buildActionMask = 2147483647;
			dstPath = "";
			dstSubfolderSpec = 10;
			files = (
			);
			name = "Embed Frameworks";
			runOnlyForDeploymentPostprocessing = 0;
		};
/* End PBXCopyFilesBuildPhase section */

/* Begin PBXFileReference section */
		F5F6603B2C17F7A300D3DE71 /* stream-sdk-ios-and-tvos-getting-started.app */ = {isa = PBXFileReference; explicitFileType = wrapper.application; includeInIndex = 0; path = "stream-sdk-ios-and-tvos-getting-started.app"; sourceTree = BUILT_PRODUCTS_DIR; };
		F5F6603E2C17F7A300D3DE71 /* stream_sdk_ios_and_tvos_getting_startedApp.swift */ = {isa = PBXFileReference; lastKnownFileType = sourcecode.swift; path = stream_sdk_ios_and_tvos_getting_startedApp.swift; sourceTree = "<group>"; };
		F5F660402C17F7A300D3DE71 /* ContentView.swift */ = {isa = PBXFileReference; lastKnownFileType = sourcecode.swift; path = ContentView.swift; sourceTree = "<group>"; };
		F5F660422C17F7A500D3DE71 /* Assets.xcassets */ = {isa = PBXFileReference; lastKnownFileType = folder.assetcatalog; path = Assets.xcassets; sourceTree = "<group>"; };
		F5F660442C17F7A500D3DE71 /* stream_sdk_ios_and_tvos_getting_started.entitlements */ = {isa = PBXFileReference; lastKnownFileType = text.plist.entitlements; path = stream_sdk_ios_and_tvos_getting_started.entitlements; sourceTree = "<group>"; };
		F5F660462C17F7A500D3DE71 /* Preview Assets.xcassets */ = {isa = PBXFileReference; lastKnownFileType = folder.assetcatalog; path = "Preview Assets.xcassets"; sourceTree = "<group>"; };
		F5F6604D2C17F80100D3DE71 /* PublisherViewModel.swift */ = {isa = PBXFileReference; lastKnownFileType = sourcecode.swift; path = PublisherViewModel.swift; sourceTree = "<group>"; };
		F5F660502C17F83300D3DE71 /* SubscriberViewModel.swift */ = {isa = PBXFileReference; lastKnownFileType = sourcecode.swift; path = SubscriberViewModel.swift; sourceTree = "<group>"; };
		F5F660532C17F85500D3DE71 /* PublisherView.swift */ = {isa = PBXFileReference; lastKnownFileType = sourcecode.swift; path = PublisherView.swift; sourceTree = "<group>"; };
		F5F660552C17F86800D3DE71 /* SubscriberView.swift */ = {isa = PBXFileReference; lastKnownFileType = sourcecode.swift; path = SubscriberView.swift; sourceTree = "<group>"; };
/* End PBXFileReference section */

/* Begin PBXFrameworksBuildPhase section */
		F5F660382C17F7A300D3DE71 /* Frameworks */ = {
			isa = PBXFrameworksBuildPhase;
			buildActionMask = 2147483647;
			files = (
				E846A8962C7825140052D6C8 /* MillicastSDK in Frameworks */,
			);
			runOnlyForDeploymentPostprocessing = 0;
		};
/* End PBXFrameworksBuildPhase section */

/* Begin PBXGroup section */
		F5F660322C17F7A300D3DE71 = {
			isa = PBXGroup;
			children = (
				F5F6603D2C17F7A300D3DE71 /* stream-sdk-ios-and-tvos-getting-started */,
				F5F6603C2C17F7A300D3DE71 /* Products */,
				F5F660572C17F8E800D3DE71 /* Frameworks */,
			);
			sourceTree = "<group>";
		};
		F5F6603C2C17F7A300D3DE71 /* Products */ = {
			isa = PBXGroup;
			children = (
				F5F6603B2C17F7A300D3DE71 /* stream-sdk-ios-and-tvos-getting-started.app */,
			);
			name = Products;
			sourceTree = "<group>";
		};
		F5F6603D2C17F7A300D3DE71 /* stream-sdk-ios-and-tvos-getting-started */ = {
			isa = PBXGroup;
			children = (
				F5F660522C17F83D00D3DE71 /* Publisher */,
				F5F6604F2C17F81900D3DE71 /* Subscriber */,
				F5F6603E2C17F7A300D3DE71 /* stream_sdk_ios_and_tvos_getting_startedApp.swift */,
				F5F660402C17F7A300D3DE71 /* ContentView.swift */,
				F5F660422C17F7A500D3DE71 /* Assets.xcassets */,
				F5F660442C17F7A500D3DE71 /* stream_sdk_ios_and_tvos_getting_started.entitlements */,
				F5F660452C17F7A500D3DE71 /* Preview Content */,
			);
			path = "stream-sdk-ios-and-tvos-getting-started";
			sourceTree = "<group>";
		};
		F5F660452C17F7A500D3DE71 /* Preview Content */ = {
			isa = PBXGroup;
			children = (
				F5F660462C17F7A500D3DE71 /* Preview Assets.xcassets */,
			);
			path = "Preview Content";
			sourceTree = "<group>";
		};
		F5F6604F2C17F81900D3DE71 /* Subscriber */ = {
			isa = PBXGroup;
			children = (
				F5F660552C17F86800D3DE71 /* SubscriberView.swift */,
				F5F660502C17F83300D3DE71 /* SubscriberViewModel.swift */,
			);
			path = Subscriber;
			sourceTree = "<group>";
		};
		F5F660522C17F83D00D3DE71 /* Publisher */ = {
			isa = PBXGroup;
			children = (
				F5F660532C17F85500D3DE71 /* PublisherView.swift */,
				F5F6604D2C17F80100D3DE71 /* PublisherViewModel.swift */,
			);
			path = Publisher;
			sourceTree = "<group>";
		};
		F5F660572C17F8E800D3DE71 /* Frameworks */ = {
			isa = PBXGroup;
			children = (
			);
			name = Frameworks;
			sourceTree = "<group>";
		};
/* End PBXGroup section */

/* Begin PBXNativeTarget section */
		F5F6603A2C17F7A300D3DE71 /* stream-sdk-ios-and-tvos-getting-started */ = {
			isa = PBXNativeTarget;
			buildConfigurationList = F5F6604A2C17F7A500D3DE71 /* Build configuration list for PBXNativeTarget "stream-sdk-ios-and-tvos-getting-started" */;
			buildPhases = (
				F5F660372C17F7A300D3DE71 /* Sources */,
				F5F660382C17F7A300D3DE71 /* Frameworks */,
				F5F660392C17F7A300D3DE71 /* Resources */,
				F5F6605B2C17F8E800D3DE71 /* Embed Frameworks */,
			);
			buildRules = (
			);
			dependencies = (
			);
			name = "stream-sdk-ios-and-tvos-getting-started";
			packageProductDependencies = (
				E846A8952C7825140052D6C8 /* MillicastSDK */,
			);
			productName = "stream-sdk-ios-getting-started";
			productReference = F5F6603B2C17F7A300D3DE71 /* stream-sdk-ios-and-tvos-getting-started.app */;
			productType = "com.apple.product-type.application";
		};
/* End PBXNativeTarget section */

/* Begin PBXProject section */
		F5F660332C17F7A300D3DE71 /* Project object */ = {
			isa = PBXProject;
			attributes = {
				BuildIndependentTargetsInParallel = 1;
				LastSwiftUpdateCheck = 1540;
				LastUpgradeCheck = 1540;
				TargetAttributes = {
					F5F6603A2C17F7A300D3DE71 = {
						CreatedOnToolsVersion = 15.4;
					};
				};
			};
			buildConfigurationList = F5F660362C17F7A300D3DE71 /* Build configuration list for PBXProject "stream-sdk-ios-and-tvos-getting-started" */;
			compatibilityVersion = "Xcode 14.0";
			developmentRegion = en;
			hasScannedForEncodings = 0;
			knownRegions = (
				en,
				Base,
			);
			mainGroup = F5F660322C17F7A300D3DE71;
			packageReferences = (
				E846A8942C7825140052D6C8 /* XCRemoteSwiftPackageReference "millicast-sdk-swift-package" */,
			);
			productRefGroup = F5F6603C2C17F7A300D3DE71 /* Products */;
			projectDirPath = "";
			projectRoot = "";
			targets = (
				F5F6603A2C17F7A300D3DE71 /* stream-sdk-ios-and-tvos-getting-started */,
			);
		};
/* End PBXProject section */

/* Begin PBXResourcesBuildPhase section */
		F5F660392C17F7A300D3DE71 /* Resources */ = {
			isa = PBXResourcesBuildPhase;
			buildActionMask = 2147483647;
			files = (
				F5F660472C17F7A500D3DE71 /* Preview Assets.xcassets in Resources */,
				F5F660432C17F7A500D3DE71 /* Assets.xcassets in Resources */,
			);
			runOnlyForDeploymentPostprocessing = 0;
		};
/* End PBXResourcesBuildPhase section */

/* Begin PBXSourcesBuildPhase section */
		F5F660372C17F7A300D3DE71 /* Sources */ = {
			isa = PBXSourcesBuildPhase;
			buildActionMask = 2147483647;
			files = (
				F5F660562C17F86800D3DE71 /* SubscriberView.swift in Sources */,
				F5F660512C17F83300D3DE71 /* SubscriberViewModel.swift in Sources */,
				F5F660412C17F7A300D3DE71 /* ContentView.swift in Sources */,
				F5F6603F2C17F7A300D3DE71 /* stream_sdk_ios_and_tvos_getting_startedApp.swift in Sources */,
				F5F660542C17F85500D3DE71 /* PublisherView.swift in Sources */,
				F5F6604E2C17F80100D3DE71 /* PublisherViewModel.swift in Sources */,
			);
			runOnlyForDeploymentPostprocessing = 0;
		};
/* End PBXSourcesBuildPhase section */

/* Begin XCBuildConfiguration section */
		F5F660482C17F7A500D3DE71 /* Debug */ = {
			isa = XCBuildConfiguration;
			buildSettings = {
				ALWAYS_SEARCH_USER_PATHS = NO;
				ASSETCATALOG_COMPILER_GENERATE_SWIFT_ASSET_SYMBOL_EXTENSIONS = YES;
				CLANG_ANALYZER_NONNULL = YES;
				CLANG_ANALYZER_NUMBER_OBJECT_CONVERSION = YES_AGGRESSIVE;
				CLANG_CXX_LANGUAGE_STANDARD = "gnu++20";
				CLANG_ENABLE_MODULES = YES;
				CLANG_ENABLE_OBJC_ARC = YES;
				CLANG_ENABLE_OBJC_WEAK = YES;
				CLANG_WARN_BLOCK_CAPTURE_AUTORELEASING = YES;
				CLANG_WARN_BOOL_CONVERSION = YES;
				CLANG_WARN_COMMA = YES;
				CLANG_WARN_CONSTANT_CONVERSION = YES;
				CLANG_WARN_DEPRECATED_OBJC_IMPLEMENTATIONS = YES;
				CLANG_WARN_DIRECT_OBJC_ISA_USAGE = YES_ERROR;
				CLANG_WARN_DOCUMENTATION_COMMENTS = YES;
				CLANG_WARN_EMPTY_BODY = YES;
				CLANG_WARN_ENUM_CONVERSION = YES;
				CLANG_WARN_INFINITE_RECURSION = YES;
				CLANG_WARN_INT_CONVERSION = YES;
				CLANG_WARN_NON_LITERAL_NULL_CONVERSION = YES;
				CLANG_WARN_OBJC_IMPLICIT_RETAIN_SELF = YES;
				CLANG_WARN_OBJC_LITERAL_CONVERSION = YES;
				CLANG_WARN_OBJC_ROOT_CLASS = YES_ERROR;
				CLANG_WARN_QUOTED_INCLUDE_IN_FRAMEWORK_HEADER = YES;
				CLANG_WARN_RANGE_LOOP_ANALYSIS = YES;
				CLANG_WARN_STRICT_PROTOTYPES = YES;
				CLANG_WARN_SUSPICIOUS_MOVE = YES;
				CLANG_WARN_UNGUARDED_AVAILABILITY = YES_AGGRESSIVE;
				CLANG_WARN_UNREACHABLE_CODE = YES;
				CLANG_WARN__DUPLICATE_METHOD_MATCH = YES;
				COPY_PHASE_STRIP = NO;
				DEBUG_INFORMATION_FORMAT = dwarf;
				ENABLE_STRICT_OBJC_MSGSEND = YES;
				ENABLE_TESTABILITY = YES;
				ENABLE_USER_SCRIPT_SANDBOXING = YES;
				GCC_C_LANGUAGE_STANDARD = gnu17;
				GCC_DYNAMIC_NO_PIC = NO;
				GCC_NO_COMMON_BLOCKS = YES;
				GCC_OPTIMIZATION_LEVEL = 0;
				GCC_PREPROCESSOR_DEFINITIONS = (
					"DEBUG=1",
					"$(inherited)",
				);
				GCC_WARN_64_TO_32_BIT_CONVERSION = YES;
				GCC_WARN_ABOUT_RETURN_TYPE = YES_ERROR;
				GCC_WARN_UNDECLARED_SELECTOR = YES;
				GCC_WARN_UNINITIALIZED_AUTOS = YES_AGGRESSIVE;
				GCC_WARN_UNUSED_FUNCTION = YES;
				GCC_WARN_UNUSED_VARIABLE = YES;
				LOCALIZATION_PREFERS_STRING_CATALOGS = YES;
				MTL_ENABLE_DEBUG_INFO = INCLUDE_SOURCE;
				MTL_FAST_MATH = YES;
				ONLY_ACTIVE_ARCH = YES;
				SWIFT_ACTIVE_COMPILATION_CONDITIONS = "DEBUG $(inherited)";
				SWIFT_OPTIMIZATION_LEVEL = "-Onone";
			};
			name = Debug;
		};
		F5F660492C17F7A500D3DE71 /* Release */ = {
			isa = XCBuildConfiguration;
			buildSettings = {
				ALWAYS_SEARCH_USER_PATHS = NO;
				ASSETCATALOG_COMPILER_GENERATE_SWIFT_ASSET_SYMBOL_EXTENSIONS = YES;
				CLANG_ANALYZER_NONNULL = YES;
				CLANG_ANALYZER_NUMBER_OBJECT_CONVERSION = YES_AGGRESSIVE;
				CLANG_CXX_LANGUAGE_STANDARD = "gnu++20";
				CLANG_ENABLE_MODULES = YES;
				CLANG_ENABLE_OBJC_ARC = YES;
				CLANG_ENABLE_OBJC_WEAK = YES;
				CLANG_WARN_BLOCK_CAPTURE_AUTORELEASING = YES;
				CLANG_WARN_BOOL_CONVERSION = YES;
				CLANG_WARN_COMMA = YES;
				CLANG_WARN_CONSTANT_CONVERSION = YES;
				CLANG_WARN_DEPRECATED_OBJC_IMPLEMENTATIONS = YES;
				CLANG_WARN_DIRECT_OBJC_ISA_USAGE = YES_ERROR;
				CLANG_WARN_DOCUMENTATION_COMMENTS = YES;
				CLANG_WARN_EMPTY_BODY = YES;
				CLANG_WARN_ENUM_CONVERSION = YES;
				CLANG_WARN_INFINITE_RECURSION = YES;
				CLANG_WARN_INT_CONVERSION = YES;
				CLANG_WARN_NON_LITERAL_NULL_CONVERSION = YES;
				CLANG_WARN_OBJC_IMPLICIT_RETAIN_SELF = YES;
				CLANG_WARN_OBJC_LITERAL_CONVERSION = YES;
				CLANG_WARN_OBJC_ROOT_CLASS = YES_ERROR;
				CLANG_WARN_QUOTED_INCLUDE_IN_FRAMEWORK_HEADER = YES;
				CLANG_WARN_RANGE_LOOP_ANALYSIS = YES;
				CLANG_WARN_STRICT_PROTOTYPES = YES;
				CLANG_WARN_SUSPICIOUS_MOVE = YES;
				CLANG_WARN_UNGUARDED_AVAILABILITY = YES_AGGRESSIVE;
				CLANG_WARN_UNREACHABLE_CODE = YES;
				CLANG_WARN__DUPLICATE_METHOD_MATCH = YES;
				COPY_PHASE_STRIP = NO;
				DEBUG_INFORMATION_FORMAT = "dwarf-with-dsym";
				ENABLE_NS_ASSERTIONS = NO;
				ENABLE_STRICT_OBJC_MSGSEND = YES;
				ENABLE_USER_SCRIPT_SANDBOXING = YES;
				GCC_C_LANGUAGE_STANDARD = gnu17;
				GCC_NO_COMMON_BLOCKS = YES;
				GCC_WARN_64_TO_32_BIT_CONVERSION = YES;
				GCC_WARN_ABOUT_RETURN_TYPE = YES_ERROR;
				GCC_WARN_UNDECLARED_SELECTOR = YES;
				GCC_WARN_UNINITIALIZED_AUTOS = YES_AGGRESSIVE;
				GCC_WARN_UNUSED_FUNCTION = YES;
				GCC_WARN_UNUSED_VARIABLE = YES;
				LOCALIZATION_PREFERS_STRING_CATALOGS = YES;
				MTL_ENABLE_DEBUG_INFO = NO;
				MTL_FAST_MATH = YES;
				SWIFT_COMPILATION_MODE = wholemodule;
			};
			name = Release;
		};
		F5F6604B2C17F7A500D3DE71 /* Debug */ = {
			isa = XCBuildConfiguration;
			buildSettings = {
				ASSETCATALOG_COMPILER_APPICON_NAME = AppIcon;
				ASSETCATALOG_COMPILER_GLOBAL_ACCENT_COLOR_NAME = AccentColor;
				CODE_SIGN_ENTITLEMENTS = "stream-sdk-ios-and-tvos-getting-started/stream_sdk_ios_and_tvos_getting_started.entitlements";
				CODE_SIGN_STYLE = Automatic;
				CURRENT_PROJECT_VERSION = 1;
				DEVELOPMENT_ASSET_PATHS = "\"stream-sdk-ios-and-tvos-getting-started/Preview Content\"";
				DEVELOPMENT_TEAM = E4A6TDH44W;
				ENABLE_HARDENED_RUNTIME = YES;
				ENABLE_PREVIEWS = YES;
				GENERATE_INFOPLIST_FILE = YES;
				INFOPLIST_KEY_NSCameraUsageDescription = "The app requires camera capture";
				INFOPLIST_KEY_NSMicrophoneUsageDescription = "The app requires microphone capture";
				"INFOPLIST_KEY_UIApplicationSceneManifest_Generation[sdk=iphoneos*]" = YES;
				"INFOPLIST_KEY_UIApplicationSceneManifest_Generation[sdk=iphonesimulator*]" = YES;
				"INFOPLIST_KEY_UIApplicationSupportsIndirectInputEvents[sdk=iphoneos*]" = YES;
				"INFOPLIST_KEY_UIApplicationSupportsIndirectInputEvents[sdk=iphonesimulator*]" = YES;
				"INFOPLIST_KEY_UILaunchScreen_Generation[sdk=iphoneos*]" = YES;
				"INFOPLIST_KEY_UILaunchScreen_Generation[sdk=iphonesimulator*]" = YES;
				"INFOPLIST_KEY_UIStatusBarStyle[sdk=iphoneos*]" = UIStatusBarStyleDefault;
				"INFOPLIST_KEY_UIStatusBarStyle[sdk=iphonesimulator*]" = UIStatusBarStyleDefault;
				INFOPLIST_KEY_UISupportedInterfaceOrientations_iPad = "UIInterfaceOrientationPortrait UIInterfaceOrientationPortraitUpsideDown UIInterfaceOrientationLandscapeLeft UIInterfaceOrientationLandscapeRight";
				INFOPLIST_KEY_UISupportedInterfaceOrientations_iPhone = "UIInterfaceOrientationPortrait UIInterfaceOrientationLandscapeLeft UIInterfaceOrientationLandscapeRight";
				IPHONEOS_DEPLOYMENT_TARGET = 15.0;
				LD_RUNPATH_SEARCH_PATHS = "@executable_path/Frameworks";
				"LD_RUNPATH_SEARCH_PATHS[sdk=macosx*]" = "@executable_path/../Frameworks";
				MACOSX_DEPLOYMENT_TARGET = 14.4;
				MARKETING_VERSION = 1.0;
				PRODUCT_BUNDLE_IDENTIFIER = "io.dolby.millicast.stream-sdk-ios-getting-started";
				PRODUCT_NAME = "$(TARGET_NAME)";
				SDKROOT = auto;
				SUPPORTED_PLATFORMS = "appletvos appletvsimulator iphoneos iphonesimulator";
				SUPPORTS_MACCATALYST = NO;
				SWIFT_EMIT_LOC_STRINGS = YES;
				SWIFT_VERSION = 5.0;
				TARGETED_DEVICE_FAMILY = "1,2,3";
				TVOS_DEPLOYMENT_TARGET = 15.0;
			};
			name = Debug;
		};
		F5F6604C2C17F7A500D3DE71 /* Release */ = {
			isa = XCBuildConfiguration;
			buildSettings = {
				ASSETCATALOG_COMPILER_APPICON_NAME = AppIcon;
				ASSETCATALOG_COMPILER_GLOBAL_ACCENT_COLOR_NAME = AccentColor;
				CODE_SIGN_ENTITLEMENTS = "stream-sdk-ios-and-tvos-getting-started/stream_sdk_ios_and_tvos_getting_started.entitlements";
				CODE_SIGN_STYLE = Automatic;
				CURRENT_PROJECT_VERSION = 1;
				DEVELOPMENT_ASSET_PATHS = "\"stream-sdk-ios-and-tvos-getting-started/Preview Content\"";
				DEVELOPMENT_TEAM = E4A6TDH44W;
				ENABLE_HARDENED_RUNTIME = YES;
				ENABLE_PREVIEWS = YES;
				GENERATE_INFOPLIST_FILE = YES;
				INFOPLIST_KEY_NSCameraUsageDescription = "The app requires camera capture";
				INFOPLIST_KEY_NSMicrophoneUsageDescription = "The app requires microphone capture";
				"INFOPLIST_KEY_UIApplicationSceneManifest_Generation[sdk=iphoneos*]" = YES;
				"INFOPLIST_KEY_UIApplicationSceneManifest_Generation[sdk=iphonesimulator*]" = YES;
				"INFOPLIST_KEY_UIApplicationSupportsIndirectInputEvents[sdk=iphoneos*]" = YES;
				"INFOPLIST_KEY_UIApplicationSupportsIndirectInputEvents[sdk=iphonesimulator*]" = YES;
				"INFOPLIST_KEY_UILaunchScreen_Generation[sdk=iphoneos*]" = YES;
				"INFOPLIST_KEY_UILaunchScreen_Generation[sdk=iphonesimulator*]" = YES;
				"INFOPLIST_KEY_UIStatusBarStyle[sdk=iphoneos*]" = UIStatusBarStyleDefault;
				"INFOPLIST_KEY_UIStatusBarStyle[sdk=iphonesimulator*]" = UIStatusBarStyleDefault;
				INFOPLIST_KEY_UISupportedInterfaceOrientations_iPad = "UIInterfaceOrientationPortrait UIInterfaceOrientationPortraitUpsideDown UIInterfaceOrientationLandscapeLeft UIInterfaceOrientationLandscapeRight";
				INFOPLIST_KEY_UISupportedInterfaceOrientations_iPhone = "UIInterfaceOrientationPortrait UIInterfaceOrientationLandscapeLeft UIInterfaceOrientationLandscapeRight";
				IPHONEOS_DEPLOYMENT_TARGET = 15.0;
				LD_RUNPATH_SEARCH_PATHS = "@executable_path/Frameworks";
				"LD_RUNPATH_SEARCH_PATHS[sdk=macosx*]" = "@executable_path/../Frameworks";
				MACOSX_DEPLOYMENT_TARGET = 14.4;
				MARKETING_VERSION = 1.0;
				PRODUCT_BUNDLE_IDENTIFIER = "io.dolby.millicast.stream-sdk-ios-getting-started";
				PRODUCT_NAME = "$(TARGET_NAME)";
				SDKROOT = auto;
				SUPPORTED_PLATFORMS = "appletvos appletvsimulator iphoneos iphonesimulator";
				SUPPORTS_MACCATALYST = NO;
				SWIFT_EMIT_LOC_STRINGS = YES;
				SWIFT_VERSION = 5.0;
				TARGETED_DEVICE_FAMILY = "1,2,3";
				TVOS_DEPLOYMENT_TARGET = 15.0;
			};
			name = Release;
		};
/* End XCBuildConfiguration section */

/* Begin XCConfigurationList section */
		F5F660362C17F7A300D3DE71 /* Build configuration list for PBXProject "stream-sdk-ios-and-tvos-getting-started" */ = {
			isa = XCConfigurationList;
			buildConfigurations = (
				F5F660482C17F7A500D3DE71 /* Debug */,
				F5F660492C17F7A500D3DE71 /* Release */,
			);
			defaultConfigurationIsVisible = 0;
			defaultConfigurationName = Release;
		};
		F5F6604A2C17F7A500D3DE71 /* Build configuration list for PBXNativeTarget "stream-sdk-ios-and-tvos-getting-started" */ = {
			isa = XCConfigurationList;
			buildConfigurations = (
				F5F6604B2C17F7A500D3DE71 /* Debug */,
				F5F6604C2C17F7A500D3DE71 /* Release */,
			);
			defaultConfigurationIsVisible = 0;
			defaultConfigurationName = Release;
		};
/* End XCConfigurationList section */

/* Begin XCRemoteSwiftPackageReference section */
		E846A8942C7825140052D6C8 /* XCRemoteSwiftPackageReference "millicast-sdk-swift-package" */ = {
			isa = XCRemoteSwiftPackageReference;
			repositoryURL = "https://github.com/millicast/millicast-sdk-swift-package";
			requirement = {
				kind = upToNextMajorVersion;
				minimumVersion = 2.0.0;
			};
		};
/* End XCRemoteSwiftPackageReference section */

/* Begin XCSwiftPackageProductDependency section */
		E846A8952C7825140052D6C8 /* MillicastSDK */ = {
			isa = XCSwiftPackageProductDependency;
			package = E846A8942C7825140052D6C8 /* XCRemoteSwiftPackageReference "millicast-sdk-swift-package" */;
			productName = MillicastSDK;
		};
/* End XCSwiftPackageProductDependency section */
	};
	rootObject = F5F660332C17F7A300D3DE71 /* Project object */;
}
