// !$*UTF8*$!
{
	archiveVersion = 1;
	classes = {
	};
	objectVersion = 56;
	objects = {

/* Begin PBXBuildFile section */
		E44B3B7A2B0615E600308928 /* GettingStartedApp.swift in Sources */ = {isa = PBXBuildFile; fileRef = E44B3B792B0615E600308928 /* GettingStartedApp.swift */; };
		E44B3B7E2B0615E700308928 /* Assets.xcassets in Resources */ = {isa = PBXBuildFile; fileRef = E44B3B7D2B0615E700308928 /* Assets.xcassets */; };
		E44B3B812B0615E700308928 /* Preview Assets.xcassets in Resources */ = {isa = PBXBuildFile; fileRef = E44B3B802B0615E700308928 /* Preview Assets.xcassets */; };
		E44B3B932B06183100308928 /* MainMenuScreen.swift in Sources */ = {isa = PBXBuildFile; fileRef = E44B3B882B06183100308928 /* MainMenuScreen.swift */; };
		E44B3B942B06183100308928 /* PublisherScreen.swift in Sources */ = {isa = PBXBuildFile; fileRef = E44B3B892B06183100308928 /* PublisherScreen.swift */; };
		E44B3B952B06183100308928 /* VideoRenderer.swift in Sources */ = {isa = PBXBuildFile; fileRef = E44B3B8B2B06183100308928 /* VideoRenderer.swift */; };
		E44B3B962B06183100308928 /* SubscriberScreen.swift in Sources */ = {isa = PBXBuildFile; fileRef = E44B3B8C2B06183100308928 /* SubscriberScreen.swift */; };
		E44B3B972B06183100308928 /* Coordinator.swift in Sources */ = {isa = PBXBuildFile; fileRef = E44B3B8D2B06183100308928 /* Coordinator.swift */; };
		E44B3B982B06183100308928 /* Publisher.swift in Sources */ = {isa = PBXBuildFile; fileRef = E44B3B8F2B06183100308928 /* Publisher.swift */; };
		E44B3B992B06183100308928 /* Subscriber.swift in Sources */ = {isa = PBXBuildFile; fileRef = E44B3B902B06183100308928 /* Subscriber.swift */; };
		E44B3B9A2B06183100308928 /* Log.swift in Sources */ = {isa = PBXBuildFile; fileRef = E44B3B912B06183100308928 /* Log.swift */; };
		E44B3B9E2B06188900308928 /* MillicastSDK in Frameworks */ = {isa = PBXBuildFile; productRef = E44B3B9D2B06188900308928 /* MillicastSDK */; };
		E4BA0E1A2C0E941E003F046D /* SubscriberViewModel.swift in Sources */ = {isa = PBXBuildFile; fileRef = E4BA0E182C0E941E003F046D /* SubscriberViewModel.swift */; };
		E4BA0E1B2C0E941E003F046D /* PublisherViewModel.swift in Sources */ = {isa = PBXBuildFile; fileRef = E4BA0E192C0E941E003F046D /* PublisherViewModel.swift */; };
/* End PBXBuildFile section */

/* Begin PBXFileReference section */
		E44B3B762B0615E600308928 /* tvOSGettingStartedSwiftUI.app */ = {isa = PBXFileReference; explicitFileType = wrapper.application; includeInIndex = 0; path = tvOSGettingStartedSwiftUI.app; sourceTree = BUILT_PRODUCTS_DIR; };
		E44B3B792B0615E600308928 /* GettingStartedApp.swift */ = {isa = PBXFileReference; lastKnownFileType = sourcecode.swift; path = GettingStartedApp.swift; sourceTree = "<group>"; };
		E44B3B7D2B0615E700308928 /* Assets.xcassets */ = {isa = PBXFileReference; lastKnownFileType = folder.assetcatalog; path = Assets.xcassets; sourceTree = "<group>"; };
		E44B3B802B0615E700308928 /* Preview Assets.xcassets */ = {isa = PBXFileReference; lastKnownFileType = folder.assetcatalog; path = "Preview Assets.xcassets"; sourceTree = "<group>"; };
		E44B3B882B06183100308928 /* MainMenuScreen.swift */ = {isa = PBXFileReference; fileEncoding = 4; lastKnownFileType = sourcecode.swift; path = MainMenuScreen.swift; sourceTree = "<group>"; };
		E44B3B892B06183100308928 /* PublisherScreen.swift */ = {isa = PBXFileReference; fileEncoding = 4; lastKnownFileType = sourcecode.swift; path = PublisherScreen.swift; sourceTree = "<group>"; };
		E44B3B8B2B06183100308928 /* VideoRenderer.swift */ = {isa = PBXFileReference; fileEncoding = 4; lastKnownFileType = sourcecode.swift; path = VideoRenderer.swift; sourceTree = "<group>"; };
		E44B3B8C2B06183100308928 /* SubscriberScreen.swift */ = {isa = PBXFileReference; fileEncoding = 4; lastKnownFileType = sourcecode.swift; path = SubscriberScreen.swift; sourceTree = "<group>"; };
		E44B3B8D2B06183100308928 /* Coordinator.swift */ = {isa = PBXFileReference; fileEncoding = 4; lastKnownFileType = sourcecode.swift; path = Coordinator.swift; sourceTree = "<group>"; };
		E44B3B8F2B06183100308928 /* Publisher.swift */ = {isa = PBXFileReference; fileEncoding = 4; lastKnownFileType = sourcecode.swift; path = Publisher.swift; sourceTree = "<group>"; };
		E44B3B902B06183100308928 /* Subscriber.swift */ = {isa = PBXFileReference; fileEncoding = 4; lastKnownFileType = sourcecode.swift; path = Subscriber.swift; sourceTree = "<group>"; };
		E44B3B912B06183100308928 /* Log.swift */ = {isa = PBXFileReference; fileEncoding = 4; lastKnownFileType = sourcecode.swift; path = Log.swift; sourceTree = "<group>"; };
		E4BA0E182C0E941E003F046D /* SubscriberViewModel.swift */ = {isa = PBXFileReference; fileEncoding = 4; lastKnownFileType = sourcecode.swift; path = SubscriberViewModel.swift; sourceTree = "<group>"; };
		E4BA0E192C0E941E003F046D /* PublisherViewModel.swift */ = {isa = PBXFileReference; fileEncoding = 4; lastKnownFileType = sourcecode.swift; path = PublisherViewModel.swift; sourceTree = "<group>"; };
/* End PBXFileReference section */

/* Begin PBXFrameworksBuildPhase section */
		E44B3B732B0615E600308928 /* Frameworks */ = {
			isa = PBXFrameworksBuildPhase;
			buildActionMask = 2147483647;
			files = (
				E44B3B9E2B06188900308928 /* MillicastSDK in Frameworks */,
			);
			runOnlyForDeploymentPostprocessing = 0;
		};
/* End PBXFrameworksBuildPhase section */

/* Begin PBXGroup section */
		E44B3B6D2B0615E600308928 = {
			isa = PBXGroup;
			children = (
				E44B3B782B0615E600308928 /* tvOSGettingStartedSwiftUI */,
				E44B3B772B0615E600308928 /* Products */,
			);
			sourceTree = "<group>";
		};
		E44B3B772B0615E600308928 /* Products */ = {
			isa = PBXGroup;
			children = (
				E44B3B762B0615E600308928 /* tvOSGettingStartedSwiftUI.app */,
			);
			name = Products;
			sourceTree = "<group>";
		};
		E44B3B782B0615E600308928 /* tvOSGettingStartedSwiftUI */ = {
			isa = PBXGroup;
			children = (
				E44B3B8E2B06183100308928 /* Model */,
				E44B3B872B06183100308928 /* Screens */,
				E44B3B792B0615E600308928 /* GettingStartedApp.swift */,
				E44B3B7D2B0615E700308928 /* Assets.xcassets */,
				E44B3B7F2B0615E700308928 /* Preview Content */,
			);
			name = tvOSGettingStartedSwiftUI;
			path = src;
			sourceTree = "<group>";
		};
		E44B3B7F2B0615E700308928 /* Preview Content */ = {
			isa = PBXGroup;
			children = (
				E44B3B802B0615E700308928 /* Preview Assets.xcassets */,
			);
			path = "Preview Content";
			sourceTree = "<group>";
		};
		E44B3B872B06183100308928 /* Screens */ = {
			isa = PBXGroup;
			children = (
				E44B3B8D2B06183100308928 /* Coordinator.swift */,
				E44B3B882B06183100308928 /* MainMenuScreen.swift */,
				E44B3B892B06183100308928 /* PublisherScreen.swift */,
				E4BA0E192C0E941E003F046D /* PublisherViewModel.swift */,
				E44B3B8C2B06183100308928 /* SubscriberScreen.swift */,
				E4BA0E182C0E941E003F046D /* SubscriberViewModel.swift */,
				E44B3B8A2B06183100308928 /* Views */,
			);
			path = Screens;
			sourceTree = "<group>";
		};
		E44B3B8A2B06183100308928 /* Views */ = {
			isa = PBXGroup;
			children = (
				E44B3B8B2B06183100308928 /* VideoRenderer.swift */,
			);
			path = Views;
			sourceTree = "<group>";
		};
		E44B3B8E2B06183100308928 /* Model */ = {
			isa = PBXGroup;
			children = (
				E44B3B8F2B06183100308928 /* Publisher.swift */,
				E44B3B902B06183100308928 /* Subscriber.swift */,
				E44B3B912B06183100308928 /* Log.swift */,
			);
			path = Model;
			sourceTree = "<group>";
		};
/* End PBXGroup section */

/* Begin PBXNativeTarget section */
		E44B3B752B0615E600308928 /* tvOSGettingStartedSwiftUI */ = {
			isa = PBXNativeTarget;
			buildConfigurationList = E44B3B842B0615E700308928 /* Build configuration list for PBXNativeTarget "tvOSGettingStartedSwiftUI" */;
			buildPhases = (
				E44B3B722B0615E600308928 /* Sources */,
				E44B3B732B0615E600308928 /* Frameworks */,
				E44B3B742B0615E600308928 /* Resources */,
			);
			buildRules = (
			);
			dependencies = (
			);
			name = tvOSGettingStartedSwiftUI;
			packageProductDependencies = (
				E44B3B9D2B06188900308928 /* MillicastSDK */,
			);
			productName = tvOSGettingStartedSwiftUI;
			productReference = E44B3B762B0615E600308928 /* tvOSGettingStartedSwiftUI.app */;
			productType = "com.apple.product-type.application";
		};
/* End PBXNativeTarget section */

/* Begin PBXProject section */
		E44B3B6E2B0615E600308928 /* Project object */ = {
			isa = PBXProject;
			attributes = {
				BuildIndependentTargetsInParallel = 1;
				LastSwiftUpdateCheck = 1500;
				LastUpgradeCheck = 1500;
				TargetAttributes = {
					E44B3B752B0615E600308928 = {
						CreatedOnToolsVersion = 15.0;
					};
				};
			};
			buildConfigurationList = E44B3B712B0615E600308928 /* Build configuration list for PBXProject "tvOSGettingStartedSwiftUI" */;
			compatibilityVersion = "Xcode 14.0";
			developmentRegion = en;
			hasScannedForEncodings = 0;
			knownRegions = (
				en,
				Base,
			);
			mainGroup = E44B3B6D2B0615E600308928;
			packageReferences = (
				E44B3B9C2B06188900308928 /* XCRemoteSwiftPackageReference "millicast-sdk-swift-package" */,
			);
			productRefGroup = E44B3B772B0615E600308928 /* Products */;
			projectDirPath = "";
			projectRoot = "";
			targets = (
				E44B3B752B0615E600308928 /* tvOSGettingStartedSwiftUI */,
			);
		};
/* End PBXProject section */

/* Begin PBXResourcesBuildPhase section */
		E44B3B742B0615E600308928 /* Resources */ = {
			isa = PBXResourcesBuildPhase;
			buildActionMask = 2147483647;
			files = (
				E44B3B812B0615E700308928 /* Preview Assets.xcassets in Resources */,
				E44B3B7E2B0615E700308928 /* Assets.xcassets in Resources */,
			);
			runOnlyForDeploymentPostprocessing = 0;
		};
/* End PBXResourcesBuildPhase section */

/* Begin PBXSourcesBuildPhase section */
		E44B3B722B0615E600308928 /* Sources */ = {
			isa = PBXSourcesBuildPhase;
			buildActionMask = 2147483647;
			files = (
				E4BA0E1A2C0E941E003F046D /* SubscriberViewModel.swift in Sources */,
				E44B3B952B06183100308928 /* VideoRenderer.swift in Sources */,
				E44B3B7A2B0615E600308928 /* GettingStartedApp.swift in Sources */,
				E44B3B9A2B06183100308928 /* Log.swift in Sources */,
				E4BA0E1B2C0E941E003F046D /* PublisherViewModel.swift in Sources */,
				E44B3B972B06183100308928 /* Coordinator.swift in Sources */,
				E44B3B942B06183100308928 /* PublisherScreen.swift in Sources */,
				E44B3B962B06183100308928 /* SubscriberScreen.swift in Sources */,
				E44B3B932B06183100308928 /* MainMenuScreen.swift in Sources */,
				E44B3B982B06183100308928 /* Publisher.swift in Sources */,
				E44B3B992B06183100308928 /* Subscriber.swift in Sources */,
			);
			runOnlyForDeploymentPostprocessing = 0;
		};
/* End PBXSourcesBuildPhase section */

/* Begin XCBuildConfiguration section */
		E44B3B822B0615E700308928 /* Debug */ = {
			isa = XCBuildConfiguration;
			buildSettings = {
				ALWAYS_SEARCH_USER_PATHS = NO;
				ASSETCATALOG_COMPILER_GENERATE_SWIFT_ASSET_SYMBOL_EXTENSIONS = YES;
				CLANG_ANALYZER_NONNULL = YES;
				CLANG_ANALYZER_NUMBER_OBJECT_CONVERSION = YES_AGGRESSIVE;
				CLANG_CXX_LANGUAGE_STANDARD = "gnu++20";
				CLANG_ENABLE_MODULES = YES;
				CLANG_ENABLE_OBJC_ARC = YES;
				CLANG_ENABLE_OBJC_WEAK = YES;
				CLANG_WARN_BLOCK_CAPTURE_AUTORELEASING = YES;
				CLANG_WARN_BOOL_CONVERSION = YES;
				CLANG_WARN_COMMA = YES;
				CLANG_WARN_CONSTANT_CONVERSION = YES;
				CLANG_WARN_DEPRECATED_OBJC_IMPLEMENTATIONS = YES;
				CLANG_WARN_DIRECT_OBJC_ISA_USAGE = YES_ERROR;
				CLANG_WARN_DOCUMENTATION_COMMENTS = YES;
				CLANG_WARN_EMPTY_BODY = YES;
				CLANG_WARN_ENUM_CONVERSION = YES;
				CLANG_WARN_INFINITE_RECURSION = YES;
				CLANG_WARN_INT_CONVERSION = YES;
				CLANG_WARN_NON_LITERAL_NULL_CONVERSION = YES;
				CLANG_WARN_OBJC_IMPLICIT_RETAIN_SELF = YES;
				CLANG_WARN_OBJC_LITERAL_CONVERSION = YES;
				CLANG_WARN_OBJC_ROOT_CLASS = YES_ERROR;
				CLANG_WARN_QUOTED_INCLUDE_IN_FRAMEWORK_HEADER = YES;
				CLANG_WARN_RANGE_LOOP_ANALYSIS = YES;
				CLANG_WARN_STRICT_PROTOTYPES = YES;
				CLANG_WARN_SUSPICIOUS_MOVE = YES;
				CLANG_WARN_UNGUARDED_AVAILABILITY = YES_AGGRESSIVE;
				CLANG_WARN_UNREACHABLE_CODE = YES;
				CLANG_WARN__DUPLICATE_METHOD_MATCH = YES;
				COPY_PHASE_STRIP = NO;
				DEBUG_INFORMATION_FORMAT = dwarf;
				ENABLE_STRICT_OBJC_MSGSEND = YES;
				ENABLE_TESTABILITY = YES;
				ENABLE_USER_SCRIPT_SANDBOXING = YES;
				GCC_C_LANGUAGE_STANDARD = gnu17;
				GCC_DYNAMIC_NO_PIC = NO;
				GCC_NO_COMMON_BLOCKS = YES;
				GCC_OPTIMIZATION_LEVEL = 0;
				GCC_PREPROCESSOR_DEFINITIONS = (
					"DEBUG=1",
					"$(inherited)",
				);
				GCC_WARN_64_TO_32_BIT_CONVERSION = YES;
				GCC_WARN_ABOUT_RETURN_TYPE = YES_ERROR;
				GCC_WARN_UNDECLARED_SELECTOR = YES;
				GCC_WARN_UNINITIALIZED_AUTOS = YES_AGGRESSIVE;
				GCC_WARN_UNUSED_FUNCTION = YES;
				GCC_WARN_UNUSED_VARIABLE = YES;
				LOCALIZATION_PREFERS_STRING_CATALOGS = YES;
				MTL_ENABLE_DEBUG_INFO = INCLUDE_SOURCE;
				MTL_FAST_MATH = YES;
				ONLY_ACTIVE_ARCH = YES;
				OTHER_SWIFT_FLAGS = "-DSHOW_PREVIEW";
				SDKROOT = appletvos;
				SWIFT_ACTIVE_COMPILATION_CONDITIONS = "DEBUG $(inherited)";
				SWIFT_OPTIMIZATION_LEVEL = "-Onone";
				TVOS_DEPLOYMENT_TARGET = 16.0;
			};
			name = Debug;
		};
		E44B3B832B0615E700308928 /* Release */ = {
			isa = XCBuildConfiguration;
			buildSettings = {
				ALWAYS_SEARCH_USER_PATHS = NO;
				ASSETCATALOG_COMPILER_GENERATE_SWIFT_ASSET_SYMBOL_EXTENSIONS = YES;
				CLANG_ANALYZER_NONNULL = YES;
				CLANG_ANALYZER_NUMBER_OBJECT_CONVERSION = YES_AGGRESSIVE;
				CLANG_CXX_LANGUAGE_STANDARD = "gnu++20";
				CLANG_ENABLE_MODULES = YES;
				CLANG_ENABLE_OBJC_ARC = YES;
				CLANG_ENABLE_OBJC_WEAK = YES;
				CLANG_WARN_BLOCK_CAPTURE_AUTORELEASING = YES;
				CLANG_WARN_BOOL_CONVERSION = YES;
				CLANG_WARN_COMMA = YES;
				CLANG_WARN_CONSTANT_CONVERSION = YES;
				CLANG_WARN_DEPRECATED_OBJC_IMPLEMENTATIONS = YES;
				CLANG_WARN_DIRECT_OBJC_ISA_USAGE = YES_ERROR;
				CLANG_WARN_DOCUMENTATION_COMMENTS = YES;
				CLANG_WARN_EMPTY_BODY = YES;
				CLANG_WARN_ENUM_CONVERSION = YES;
				CLANG_WARN_INFINITE_RECURSION = YES;
				CLANG_WARN_INT_CONVERSION = YES;
				CLANG_WARN_NON_LITERAL_NULL_CONVERSION = YES;
				CLANG_WARN_OBJC_IMPLICIT_RETAIN_SELF = YES;
				CLANG_WARN_OBJC_LITERAL_CONVERSION = YES;
				CLANG_WARN_OBJC_ROOT_CLASS = YES_ERROR;
				CLANG_WARN_QUOTED_INCLUDE_IN_FRAMEWORK_HEADER = YES;
				CLANG_WARN_RANGE_LOOP_ANALYSIS = YES;
				CLANG_WARN_STRICT_PROTOTYPES = YES;
				CLANG_WARN_SUSPICIOUS_MOVE = YES;
				CLANG_WARN_UNGUARDED_AVAILABILITY = YES_AGGRESSIVE;
				CLANG_WARN_UNREACHABLE_CODE = YES;
				CLANG_WARN__DUPLICATE_METHOD_MATCH = YES;
				COPY_PHASE_STRIP = NO;
				DEBUG_INFORMATION_FORMAT = "dwarf-with-dsym";
				ENABLE_NS_ASSERTIONS = NO;
				ENABLE_STRICT_OBJC_MSGSEND = YES;
				ENABLE_USER_SCRIPT_SANDBOXING = YES;
				GCC_C_LANGUAGE_STANDARD = gnu17;
				GCC_NO_COMMON_BLOCKS = YES;
				GCC_WARN_64_TO_32_BIT_CONVERSION = YES;
				GCC_WARN_ABOUT_RETURN_TYPE = YES_ERROR;
				GCC_WARN_UNDECLARED_SELECTOR = YES;
				GCC_WARN_UNINITIALIZED_AUTOS = YES_AGGRESSIVE;
				GCC_WARN_UNUSED_FUNCTION = YES;
				GCC_WARN_UNUSED_VARIABLE = YES;
				LOCALIZATION_PREFERS_STRING_CATALOGS = YES;
				MTL_ENABLE_DEBUG_INFO = NO;
				MTL_FAST_MATH = YES;
				OTHER_SWIFT_FLAGS = "-DSHOW_PREVIEW";
				SDKROOT = appletvos;
				SWIFT_COMPILATION_MODE = wholemodule;
				TVOS_DEPLOYMENT_TARGET = 16.0;
				VALIDATE_PRODUCT = YES;
			};
			name = Release;
		};
		E44B3B852B0615E700308928 /* Debug */ = {
			isa = XCBuildConfiguration;
			buildSettings = {
				ASSETCATALOG_COMPILER_APPICON_NAME = "App Icon & Top Shelf Image";
				ASSETCATALOG_COMPILER_GLOBAL_ACCENT_COLOR_NAME = AccentColor;
				CODE_SIGN_STYLE = Automatic;
				CURRENT_PROJECT_VERSION = 1;
				DEVELOPMENT_ASSET_PATHS = "\"src/Preview Content\"";
				DEVELOPMENT_TEAM = "";
				ENABLE_PREVIEWS = YES;
				GENERATE_INFOPLIST_FILE = YES;
				INFOPLIST_KEY_UILaunchScreen_Generation = YES;
				INFOPLIST_KEY_UIUserInterfaceStyle = Automatic;
				LD_RUNPATH_SEARCH_PATHS = (
					"$(inherited)",
					"@executable_path/Frameworks",
				);
				MARKETING_VERSION = 1.0;
				PRODUCT_BUNDLE_IDENTIFIER = com.example.getting.started.tvos.simple.swiftui;
				PRODUCT_NAME = "$(TARGET_NAME)";
				SWIFT_EMIT_LOC_STRINGS = YES;
				SWIFT_VERSION = 5.0;
				TARGETED_DEVICE_FAMILY = 3;
			};
			name = Debug;
		};
		E44B3B862B0615E700308928 /* Release */ = {
			isa = XCBuildConfiguration;
			buildSettings = {
				ASSETCATALOG_COMPILER_APPICON_NAME = "App Icon & Top Shelf Image";
				ASSETCATALOG_COMPILER_GLOBAL_ACCENT_COLOR_NAME = AccentColor;
				CODE_SIGN_STYLE = Automatic;
				CURRENT_PROJECT_VERSION = 1;
				DEVELOPMENT_ASSET_PATHS = "\"src/Preview Content\"";
				DEVELOPMENT_TEAM = "";
				ENABLE_PREVIEWS = YES;
				GENERATE_INFOPLIST_FILE = YES;
				INFOPLIST_KEY_UILaunchScreen_Generation = YES;
				INFOPLIST_KEY_UIUserInterfaceStyle = Automatic;
				LD_RUNPATH_SEARCH_PATHS = (
					"$(inherited)",
					"@executable_path/Frameworks",
				);
				MARKETING_VERSION = 1.0;
				PRODUCT_BUNDLE_IDENTIFIER = com.example.getting.started.tvos.simple.swiftui;
				PRODUCT_NAME = "$(TARGET_NAME)";
				SWIFT_EMIT_LOC_STRINGS = YES;
				SWIFT_VERSION = 5.0;
				TARGETED_DEVICE_FAMILY = 3;
			};
			name = Release;
		};
/* End XCBuildConfiguration section */

/* Begin XCConfigurationList section */
		E44B3B712B0615E600308928 /* Build configuration list for PBXProject "tvOSGettingStartedSwiftUI" */ = {
			isa = XCConfigurationList;
			buildConfigurations = (
				E44B3B822B0615E700308928 /* Debug */,
				E44B3B832B0615E700308928 /* Release */,
			);
			defaultConfigurationIsVisible = 0;
			defaultConfigurationName = Release;
		};
		E44B3B842B0615E700308928 /* Build configuration list for PBXNativeTarget "tvOSGettingStartedSwiftUI" */ = {
			isa = XCConfigurationList;
			buildConfigurations = (
				E44B3B852B0615E700308928 /* Debug */,
				E44B3B862B0615E700308928 /* Release */,
			);
			defaultConfigurationIsVisible = 0;
			defaultConfigurationName = Release;
		};
/* End XCConfigurationList section */

/* Begin XCRemoteSwiftPackageReference section */
		E44B3B9C2B06188900308928 /* XCRemoteSwiftPackageReference "millicast-sdk-swift-package" */ = {
			isa = XCRemoteSwiftPackageReference;
			repositoryURL = "https://github.com/millicast/millicast-sdk-swift-package";
			requirement = {
				kind = upToNextMajorVersion;
				minimumVersion = 1.8.0;
			};
		};
/* End XCRemoteSwiftPackageReference section */

/* Begin XCSwiftPackageProductDependency section */
		E44B3B9D2B06188900308928 /* MillicastSDK */ = {
			isa = XCSwiftPackageProductDependency;
			package = E44B3B9C2B06188900308928 /* XCRemoteSwiftPackageReference "millicast-sdk-swift-package" */;
			productName = MillicastSDK;
		};
/* End XCSwiftPackageProductDependency section */
	};
	rootObject = E44B3B6E2B0615E600308928 /* Project object */;
}
